// !$*UTF8*$!
{
	archiveVersion = 1;
	classes = {
	};
	objectVersion = 56;
	objects = {

/* Begin PBXBuildFile section */
		2DBAF23D2BDF66FF00F71240 /* HealthDataView.swift in Sources */ = {isa = PBXBuildFile; fileRef = 2DBAF23C2BDF66FF00F71240 /* HealthDataView.swift */; };
		2DBAF23F2BDF6AA400F71240 /* homepageComplete.swift in Sources */ = {isa = PBXBuildFile; fileRef = 2DBAF23E2BDF6AA300F71240 /* homepageComplete.swift */; };
		47394C872BD6C13D00ADB1A4 /* Patient_Model.swift in Sources */ = {isa = PBXBuildFile; fileRef = 47394C862BD6C13D00ADB1A4 /* Patient_Model.swift */; };
		47394C8B2BD6C69C00ADB1A4 /* PatientViewModel.swift in Sources */ = {isa = PBXBuildFile; fileRef = 47394C8A2BD6C69C00ADB1A4 /* PatientViewModel.swift */; };
		47394C8D2BD6CEBF00ADB1A4 /* ImagePicker.swift in Sources */ = {isa = PBXBuildFile; fileRef = 47394C8C2BD6CEBF00ADB1A4 /* ImagePicker.swift */; };
		47394C8F2BD6E4F100ADB1A4 /* MobileCoreServices.framework in Frameworks */ = {isa = PBXBuildFile; fileRef = 47394C8E2BD6E4F100ADB1A4 /* MobileCoreServices.framework */; platformFilter = ios; };
		47394C912BD6ECC100ADB1A4 /* DocumentPicker.swift in Sources */ = {isa = PBXBuildFile; fileRef = 47394C902BD6ECC100ADB1A4 /* DocumentPicker.swift */; };
		47394C972BD777FF00ADB1A4 /* ProfilePage.swift in Sources */ = {isa = PBXBuildFile; fileRef = 47394C962BD777FF00ADB1A4 /* ProfilePage.swift */; };
		47394C992BD7789600ADB1A4 /* HealthRecordAdd.swift in Sources */ = {isa = PBXBuildFile; fileRef = 47394C982BD7789600ADB1A4 /* HealthRecordAdd.swift */; };
		47394C9B2BD7A41E00ADB1A4 /* PatientEdit.swift in Sources */ = {isa = PBXBuildFile; fileRef = 47394C9A2BD7A41E00ADB1A4 /* PatientEdit.swift */; };
		485FDF602BD8367A008E620D /* ReviewModel.swift in Sources */ = {isa = PBXBuildFile; fileRef = 485FDF5F2BD8367A008E620D /* ReviewModel.swift */; };
		4890D4212BDFA32400EF8750 /* Appointment.swift in Sources */ = {isa = PBXBuildFile; fileRef = 4890D4202BDFA32400EF8750 /* Appointment.swift */; };
		4890D4232BE00C0300EF8750 /* DoctorProfile.swift in Sources */ = {isa = PBXBuildFile; fileRef = 4890D4222BE00C0300EF8750 /* DoctorProfile.swift */; };
		84B3D1A02BD7CCAD00FADB4D /* onboardingPage.swift in Sources */ = {isa = PBXBuildFile; fileRef = 84B3D19F2BD7CCAD00FADB4D /* onboardingPage.swift */; };
		84B3D1A22BD8DB6D00FADB4D /* NotificationHandler.swift in Sources */ = {isa = PBXBuildFile; fileRef = 84B3D1A12BD8DB6D00FADB4D /* NotificationHandler.swift */; };
		DF6B2EAA2BD5898800FAD930 /* User.swift in Sources */ = {isa = PBXBuildFile; fileRef = DF6B2EA92BD5898800FAD930 /* User.swift */; };
		DF6B2EAC2BD58BA600FAD930 /* UserDetails.swift in Sources */ = {isa = PBXBuildFile; fileRef = DF6B2EAB2BD58BA600FAD930 /* UserDetails.swift */; };
		DF6B2EB92BD58DEA00FAD930 /* appFonts.swift in Sources */ = {isa = PBXBuildFile; fileRef = DF6B2EB82BD58DEA00FAD930 /* appFonts.swift */; };
		DF6B2EBF2BD58E5100FAD930 /* AuthViewModel.swift in Sources */ = {isa = PBXBuildFile; fileRef = DF6B2EBE2BD58E5100FAD930 /* AuthViewModel.swift */; };
		DF6B2EC12BD58F1400FAD930 /* signUpView.swift in Sources */ = {isa = PBXBuildFile; fileRef = DF6B2EC02BD58F1400FAD930 /* signUpView.swift */; };
		DF6B2EC32BD58F2900FAD930 /* loginView.swift in Sources */ = {isa = PBXBuildFile; fileRef = DF6B2EC22BD58F2900FAD930 /* loginView.swift */; };
		DF6B2EC52BD5925E00FAD930 /* ProfileInputView.swift in Sources */ = {isa = PBXBuildFile; fileRef = DF6B2EC42BD5925E00FAD930 /* ProfileInputView.swift */; };
		DF6B2EC72BD5946C00FAD930 /* Homepage.swift in Sources */ = {isa = PBXBuildFile; fileRef = DF6B2EC62BD5946C00FAD930 /* Homepage.swift */; };
		DF6B2EE12BD59FEB00FAD930 /* patientDetails.swift in Sources */ = {isa = PBXBuildFile; fileRef = DF6B2EE02BD59FEB00FAD930 /* patientDetails.swift */; };
		DFC22CA52BD26AE200B2AD68 /* Patient_HMSApp.swift in Sources */ = {isa = PBXBuildFile; fileRef = DFC22CA42BD26AE200B2AD68 /* Patient_HMSApp.swift */; };
		DFC22CA72BD26AE200B2AD68 /* ContentView.swift in Sources */ = {isa = PBXBuildFile; fileRef = DFC22CA62BD26AE200B2AD68 /* ContentView.swift */; };
		DFC22CA92BD26AE400B2AD68 /* Assets.xcassets in Resources */ = {isa = PBXBuildFile; fileRef = DFC22CA82BD26AE400B2AD68 /* Assets.xcassets */; };
		DFC22CAD2BD26AE400B2AD68 /* Preview Assets.xcassets in Resources */ = {isa = PBXBuildFile; fileRef = DFC22CAC2BD26AE400B2AD68 /* Preview Assets.xcassets */; };
		DFC22CB72BD26AE400B2AD68 /* Patient_HMSTests.swift in Sources */ = {isa = PBXBuildFile; fileRef = DFC22CB62BD26AE400B2AD68 /* Patient_HMSTests.swift */; };
		DFC22CC12BD26AE400B2AD68 /* Patient_HMSUITests.swift in Sources */ = {isa = PBXBuildFile; fileRef = DFC22CC02BD26AE400B2AD68 /* Patient_HMSUITests.swift */; };
		DFC22CC32BD26AE400B2AD68 /* Patient_HMSUITestsLaunchTests.swift in Sources */ = {isa = PBXBuildFile; fileRef = DFC22CC22BD26AE400B2AD68 /* Patient_HMSUITestsLaunchTests.swift */; };
		DFC22CD02BD26B2700B2AD68 /* GoogleService-Info.plist in Resources */ = {isa = PBXBuildFile; fileRef = DFC22CCF2BD26B2700B2AD68 /* GoogleService-Info.plist */; };
		DFC22CD42BD26BB500B2AD68 /* FirebaseAuth in Frameworks */ = {isa = PBXBuildFile; productRef = DFC22CD32BD26BB500B2AD68 /* FirebaseAuth */; };
		DFC22CD62BD26BB500B2AD68 /* FirebaseDatabase in Frameworks */ = {isa = PBXBuildFile; productRef = DFC22CD52BD26BB500B2AD68 /* FirebaseDatabase */; };
		DFC22CD82BD26BB500B2AD68 /* FirebaseDatabaseSwift in Frameworks */ = {isa = PBXBuildFile; productRef = DFC22CD72BD26BB500B2AD68 /* FirebaseDatabaseSwift */; };
		DFC22CDA2BD26BB500B2AD68 /* FirebaseFirestore in Frameworks */ = {isa = PBXBuildFile; productRef = DFC22CD92BD26BB500B2AD68 /* FirebaseFirestore */; };
		DFC22CDC2BD26BB500B2AD68 /* FirebaseFirestoreSwift in Frameworks */ = {isa = PBXBuildFile; productRef = DFC22CDB2BD26BB500B2AD68 /* FirebaseFirestoreSwift */; };
		DFC22CE02BD26BB500B2AD68 /* FirebaseStorage in Frameworks */ = {isa = PBXBuildFile; productRef = DFC22CDF2BD26BB500B2AD68 /* FirebaseStorage */; };
		DFF2D7B92BD630DF0087114A /* Department.swift in Sources */ = {isa = PBXBuildFile; fileRef = DFF2D7B82BD630DF0087114A /* Department.swift */; };
		DFF2D7BB2BD632CC0087114A /* DepartmentModel.swift in Sources */ = {isa = PBXBuildFile; fileRef = DFF2D7BA2BD632CC0087114A /* DepartmentModel.swift */; };
/* End PBXBuildFile section */

/* Begin PBXContainerItemProxy section */
		DFC22CB32BD26AE400B2AD68 /* PBXContainerItemProxy */ = {
			isa = PBXContainerItemProxy;
			containerPortal = DFC22C992BD26AE200B2AD68 /* Project object */;
			proxyType = 1;
			remoteGlobalIDString = DFC22CA02BD26AE200B2AD68;
			remoteInfo = Patient_HMS;
		};
		DFC22CBD2BD26AE400B2AD68 /* PBXContainerItemProxy */ = {
			isa = PBXContainerItemProxy;
			containerPortal = DFC22C992BD26AE200B2AD68 /* Project object */;
			proxyType = 1;
			remoteGlobalIDString = DFC22CA02BD26AE200B2AD68;
			remoteInfo = Patient_HMS;
		};
/* End PBXContainerItemProxy section */

/* Begin PBXFileReference section */
		2DBAF23C2BDF66FF00F71240 /* HealthDataView.swift */ = {isa = PBXFileReference; lastKnownFileType = sourcecode.swift; path = HealthDataView.swift; sourceTree = "<group>"; };
		2DBAF23E2BDF6AA300F71240 /* homepageComplete.swift */ = {isa = PBXFileReference; lastKnownFileType = sourcecode.swift; path = homepageComplete.swift; sourceTree = "<group>"; };
		47394C862BD6C13D00ADB1A4 /* Patient_Model.swift */ = {isa = PBXFileReference; lastKnownFileType = sourcecode.swift; path = Patient_Model.swift; sourceTree = "<group>"; };
		47394C8A2BD6C69C00ADB1A4 /* PatientViewModel.swift */ = {isa = PBXFileReference; lastKnownFileType = sourcecode.swift; path = PatientViewModel.swift; sourceTree = "<group>"; };
		47394C8C2BD6CEBF00ADB1A4 /* ImagePicker.swift */ = {isa = PBXFileReference; lastKnownFileType = sourcecode.swift; path = ImagePicker.swift; sourceTree = "<group>"; };
		47394C8E2BD6E4F100ADB1A4 /* MobileCoreServices.framework */ = {isa = PBXFileReference; lastKnownFileType = wrapper.framework; name = MobileCoreServices.framework; path = Platforms/iPhoneOS.platform/Developer/SDKs/iPhoneOS17.4.sdk/System/Library/Frameworks/MobileCoreServices.framework; sourceTree = DEVELOPER_DIR; };
		47394C902BD6ECC100ADB1A4 /* DocumentPicker.swift */ = {isa = PBXFileReference; lastKnownFileType = sourcecode.swift; path = DocumentPicker.swift; sourceTree = "<group>"; };
		47394C962BD777FF00ADB1A4 /* ProfilePage.swift */ = {isa = PBXFileReference; lastKnownFileType = sourcecode.swift; path = ProfilePage.swift; sourceTree = "<group>"; };
		47394C982BD7789600ADB1A4 /* HealthRecordAdd.swift */ = {isa = PBXFileReference; lastKnownFileType = sourcecode.swift; path = HealthRecordAdd.swift; sourceTree = "<group>"; };
		47394C9A2BD7A41E00ADB1A4 /* PatientEdit.swift */ = {isa = PBXFileReference; lastKnownFileType = sourcecode.swift; path = PatientEdit.swift; sourceTree = "<group>"; };
		485FDF5F2BD8367A008E620D /* ReviewModel.swift */ = {isa = PBXFileReference; lastKnownFileType = sourcecode.swift; path = ReviewModel.swift; sourceTree = "<group>"; };
		4890D4202BDFA32400EF8750 /* Appointment.swift */ = {isa = PBXFileReference; lastKnownFileType = sourcecode.swift; path = Appointment.swift; sourceTree = "<group>"; };
		4890D4222BE00C0300EF8750 /* DoctorProfile.swift */ = {isa = PBXFileReference; lastKnownFileType = sourcecode.swift; path = DoctorProfile.swift; sourceTree = "<group>"; };
		84B3D19F2BD7CCAD00FADB4D /* onboardingPage.swift */ = {isa = PBXFileReference; lastKnownFileType = sourcecode.swift; path = onboardingPage.swift; sourceTree = "<group>"; };
		84B3D1A12BD8DB6D00FADB4D /* NotificationHandler.swift */ = {isa = PBXFileReference; lastKnownFileType = sourcecode.swift; path = NotificationHandler.swift; sourceTree = "<group>"; };
		DF6B2EA92BD5898800FAD930 /* User.swift */ = {isa = PBXFileReference; lastKnownFileType = sourcecode.swift; path = User.swift; sourceTree = "<group>"; };
		DF6B2EAB2BD58BA600FAD930 /* UserDetails.swift */ = {isa = PBXFileReference; lastKnownFileType = sourcecode.swift; path = UserDetails.swift; sourceTree = "<group>"; };
		DF6B2EB82BD58DEA00FAD930 /* appFonts.swift */ = {isa = PBXFileReference; lastKnownFileType = sourcecode.swift; path = appFonts.swift; sourceTree = "<group>"; };
		DF6B2EBE2BD58E5100FAD930 /* AuthViewModel.swift */ = {isa = PBXFileReference; lastKnownFileType = sourcecode.swift; path = AuthViewModel.swift; sourceTree = "<group>"; };
		DF6B2EC02BD58F1400FAD930 /* signUpView.swift */ = {isa = PBXFileReference; lastKnownFileType = sourcecode.swift; path = signUpView.swift; sourceTree = "<group>"; };
		DF6B2EC22BD58F2900FAD930 /* loginView.swift */ = {isa = PBXFileReference; lastKnownFileType = sourcecode.swift; path = loginView.swift; sourceTree = "<group>"; };
		DF6B2EC42BD5925E00FAD930 /* ProfileInputView.swift */ = {isa = PBXFileReference; lastKnownFileType = sourcecode.swift; path = ProfileInputView.swift; sourceTree = "<group>"; };
		DF6B2EC62BD5946C00FAD930 /* Homepage.swift */ = {isa = PBXFileReference; lastKnownFileType = sourcecode.swift; path = Homepage.swift; sourceTree = "<group>"; };
		DF6B2EE02BD59FEB00FAD930 /* patientDetails.swift */ = {isa = PBXFileReference; lastKnownFileType = sourcecode.swift; path = patientDetails.swift; sourceTree = "<group>"; };
		DFC22CA12BD26AE200B2AD68 /* Patient_HMS.app */ = {isa = PBXFileReference; explicitFileType = wrapper.application; includeInIndex = 0; path = Patient_HMS.app; sourceTree = BUILT_PRODUCTS_DIR; };
		DFC22CA42BD26AE200B2AD68 /* Patient_HMSApp.swift */ = {isa = PBXFileReference; lastKnownFileType = sourcecode.swift; path = Patient_HMSApp.swift; sourceTree = "<group>"; };
		DFC22CA62BD26AE200B2AD68 /* ContentView.swift */ = {isa = PBXFileReference; lastKnownFileType = sourcecode.swift; path = ContentView.swift; sourceTree = "<group>"; };
		DFC22CA82BD26AE400B2AD68 /* Assets.xcassets */ = {isa = PBXFileReference; lastKnownFileType = folder.assetcatalog; path = Assets.xcassets; sourceTree = "<group>"; };
		DFC22CAA2BD26AE400B2AD68 /* Patient_HMS.entitlements */ = {isa = PBXFileReference; lastKnownFileType = text.plist.entitlements; path = Patient_HMS.entitlements; sourceTree = "<group>"; };
		DFC22CAC2BD26AE400B2AD68 /* Preview Assets.xcassets */ = {isa = PBXFileReference; lastKnownFileType = folder.assetcatalog; path = "Preview Assets.xcassets"; sourceTree = "<group>"; };
		DFC22CB22BD26AE400B2AD68 /* Patient_HMSTests.xctest */ = {isa = PBXFileReference; explicitFileType = wrapper.cfbundle; includeInIndex = 0; path = Patient_HMSTests.xctest; sourceTree = BUILT_PRODUCTS_DIR; };
		DFC22CB62BD26AE400B2AD68 /* Patient_HMSTests.swift */ = {isa = PBXFileReference; lastKnownFileType = sourcecode.swift; path = Patient_HMSTests.swift; sourceTree = "<group>"; };
		DFC22CBC2BD26AE400B2AD68 /* Patient_HMSUITests.xctest */ = {isa = PBXFileReference; explicitFileType = wrapper.cfbundle; includeInIndex = 0; path = Patient_HMSUITests.xctest; sourceTree = BUILT_PRODUCTS_DIR; };
		DFC22CC02BD26AE400B2AD68 /* Patient_HMSUITests.swift */ = {isa = PBXFileReference; lastKnownFileType = sourcecode.swift; path = Patient_HMSUITests.swift; sourceTree = "<group>"; };
		DFC22CC22BD26AE400B2AD68 /* Patient_HMSUITestsLaunchTests.swift */ = {isa = PBXFileReference; lastKnownFileType = sourcecode.swift; path = Patient_HMSUITestsLaunchTests.swift; sourceTree = "<group>"; };
		DFC22CCF2BD26B2700B2AD68 /* GoogleService-Info.plist */ = {isa = PBXFileReference; fileEncoding = 4; lastKnownFileType = text.plist.xml; path = "GoogleService-Info.plist"; sourceTree = "<group>"; };
		DFF2D7B82BD630DF0087114A /* Department.swift */ = {isa = PBXFileReference; lastKnownFileType = sourcecode.swift; path = Department.swift; sourceTree = "<group>"; };
		DFF2D7BA2BD632CC0087114A /* DepartmentModel.swift */ = {isa = PBXFileReference; lastKnownFileType = sourcecode.swift; path = DepartmentModel.swift; sourceTree = "<group>"; };
/* End PBXFileReference section */

/* Begin PBXFrameworksBuildPhase section */
		DFC22C9E2BD26AE200B2AD68 /* Frameworks */ = {
			isa = PBXFrameworksBuildPhase;
			buildActionMask = 2147483647;
			files = (
				DFC22CDC2BD26BB500B2AD68 /* FirebaseFirestoreSwift in Frameworks */,
				47394C8F2BD6E4F100ADB1A4 /* MobileCoreServices.framework in Frameworks */,
				DFC22CD82BD26BB500B2AD68 /* FirebaseDatabaseSwift in Frameworks */,
				DFC22CDA2BD26BB500B2AD68 /* FirebaseFirestore in Frameworks */,
				DFC22CD62BD26BB500B2AD68 /* FirebaseDatabase in Frameworks */,
				DFC22CE02BD26BB500B2AD68 /* FirebaseStorage in Frameworks */,
				DFC22CD42BD26BB500B2AD68 /* FirebaseAuth in Frameworks */,
			);
			runOnlyForDeploymentPostprocessing = 0;
		};
		DFC22CAF2BD26AE400B2AD68 /* Frameworks */ = {
			isa = PBXFrameworksBuildPhase;
			buildActionMask = 2147483647;
			files = (
			);
			runOnlyForDeploymentPostprocessing = 0;
		};
		DFC22CB92BD26AE400B2AD68 /* Frameworks */ = {
			isa = PBXFrameworksBuildPhase;
			buildActionMask = 2147483647;
			files = (
			);
			runOnlyForDeploymentPostprocessing = 0;
		};
/* End PBXFrameworksBuildPhase section */

/* Begin PBXGroup section */
		4890D41F2BDF814A00EF8750 /* Review */ = {
			isa = PBXGroup;
			children = (
				485FDF5F2BD8367A008E620D /* ReviewModel.swift */,
			);
			path = Review;
			sourceTree = "<group>";
		};
		DF64DF8E2BD27D4400E1F5A6 /* Authentication */ = {
			isa = PBXGroup;
			children = (
				DF6B2EA92BD5898800FAD930 /* User.swift */,
				DF6B2EBE2BD58E5100FAD930 /* AuthViewModel.swift */,
				DF6B2EB72BD58D9900FAD930 /* UserViewModel */,
				DF6B2EC02BD58F1400FAD930 /* signUpView.swift */,
				DF6B2EC42BD5925E00FAD930 /* ProfileInputView.swift */,
				DF6B2EC22BD58F2900FAD930 /* loginView.swift */,
			);
			path = Authentication;
			sourceTree = "<group>";
		};
		DF6B2EB72BD58D9900FAD930 /* UserViewModel */ = {
			isa = PBXGroup;
			children = (
				DF6B2EAB2BD58BA600FAD930 /* UserDetails.swift */,
			);
			path = UserViewModel;
			sourceTree = "<group>";
		};
		DF6B2EDF2BD59FDE00FAD930 /* PatientDetail */ = {
			isa = PBXGroup;
			children = (
				47394C962BD777FF00ADB1A4 /* ProfilePage.swift */,
				DF6B2EE02BD59FEB00FAD930 /* patientDetails.swift */,
				47394C862BD6C13D00ADB1A4 /* Patient_Model.swift */,
				47394C8A2BD6C69C00ADB1A4 /* PatientViewModel.swift */,
				47394C8C2BD6CEBF00ADB1A4 /* ImagePicker.swift */,
				47394C902BD6ECC100ADB1A4 /* DocumentPicker.swift */,
				47394C9A2BD7A41E00ADB1A4 /* PatientEdit.swift */,
			);
			path = PatientDetail;
			sourceTree = "<group>";
		};
		DFC22C982BD26AE200B2AD68 = {
			isa = PBXGroup;
			children = (
				DFC22CA32BD26AE200B2AD68 /* Patient_HMS */,
				DFC22CB52BD26AE400B2AD68 /* Patient_HMSTests */,
				DFC22CBF2BD26AE400B2AD68 /* Patient_HMSUITests */,
				DFC22CA22BD26AE200B2AD68 /* Products */,
				DFC22CD22BD26BB500B2AD68 /* Frameworks */,
			);
			sourceTree = "<group>";
		};
		DFC22CA22BD26AE200B2AD68 /* Products */ = {
			isa = PBXGroup;
			children = (
				DFC22CA12BD26AE200B2AD68 /* Patient_HMS.app */,
				DFC22CB22BD26AE400B2AD68 /* Patient_HMSTests.xctest */,
				DFC22CBC2BD26AE400B2AD68 /* Patient_HMSUITests.xctest */,
			);
			name = Products;
			sourceTree = "<group>";
		};
		DFC22CA32BD26AE200B2AD68 /* Patient_HMS */ = {
			isa = PBXGroup;
			children = (
				DFC22CCF2BD26B2700B2AD68 /* GoogleService-Info.plist */,
				84B3D19F2BD7CCAD00FADB4D /* onboardingPage.swift */,
				DF6B2EB82BD58DEA00FAD930 /* appFonts.swift */,
				DFC22CA42BD26AE200B2AD68 /* Patient_HMSApp.swift */,
				DFC22CA62BD26AE200B2AD68 /* ContentView.swift */,
				DF6B2EC62BD5946C00FAD930 /* Homepage.swift */,
				2DBAF23E2BDF6AA300F71240 /* homepageComplete.swift */,
				2DBAF23C2BDF66FF00F71240 /* HealthDataView.swift */,
				4890D4202BDFA32400EF8750 /* Appointment.swift */,
				4890D4222BE00C0300EF8750 /* DoctorProfile.swift */,
				4890D41F2BDF814A00EF8750 /* Review */,
				84B3D1A12BD8DB6D00FADB4D /* NotificationHandler.swift */,
				47394C982BD7789600ADB1A4 /* HealthRecordAdd.swift */,
				DFF2D7B72BD630980087114A /* Department */,
				DF6B2EDF2BD59FDE00FAD930 /* PatientDetail */,
				DF64DF8E2BD27D4400E1F5A6 /* Authentication */,
				DFC22CA82BD26AE400B2AD68 /* Assets.xcassets */,
				DFC22CAA2BD26AE400B2AD68 /* Patient_HMS.entitlements */,
				DFC22CAB2BD26AE400B2AD68 /* Preview Content */,
			);
			path = Patient_HMS;
			sourceTree = "<group>";
		};
		DFC22CAB2BD26AE400B2AD68 /* Preview Content */ = {
			isa = PBXGroup;
			children = (
				DFC22CAC2BD26AE400B2AD68 /* Preview Assets.xcassets */,
			);
			path = "Preview Content";
			sourceTree = "<group>";
		};
		DFC22CB52BD26AE400B2AD68 /* Patient_HMSTests */ = {
			isa = PBXGroup;
			children = (
				DFC22CB62BD26AE400B2AD68 /* Patient_HMSTests.swift */,
			);
			path = Patient_HMSTests;
			sourceTree = "<group>";
		};
		DFC22CBF2BD26AE400B2AD68 /* Patient_HMSUITests */ = {
			isa = PBXGroup;
			children = (
				DFC22CC02BD26AE400B2AD68 /* Patient_HMSUITests.swift */,
				DFC22CC22BD26AE400B2AD68 /* Patient_HMSUITestsLaunchTests.swift */,
			);
			path = Patient_HMSUITests;
			sourceTree = "<group>";
		};
		DFC22CD22BD26BB500B2AD68 /* Frameworks */ = {
			isa = PBXGroup;
			children = (
				47394C8E2BD6E4F100ADB1A4 /* MobileCoreServices.framework */,
			);
			name = Frameworks;
			sourceTree = "<group>";
		};
		DFF2D7B72BD630980087114A /* Department */ = {
			isa = PBXGroup;
			children = (
				DFF2D7B82BD630DF0087114A /* Department.swift */,
				DFF2D7BA2BD632CC0087114A /* DepartmentModel.swift */,
			);
			path = Department;
			sourceTree = "<group>";
		};
/* End PBXGroup section */

/* Begin PBXNativeTarget section */
		DFC22CA02BD26AE200B2AD68 /* Patient_HMS */ = {
			isa = PBXNativeTarget;
			buildConfigurationList = DFC22CC62BD26AE400B2AD68 /* Build configuration list for PBXNativeTarget "Patient_HMS" */;
			buildPhases = (
				DFC22C9D2BD26AE200B2AD68 /* Sources */,
				DFC22C9E2BD26AE200B2AD68 /* Frameworks */,
				DFC22C9F2BD26AE200B2AD68 /* Resources */,
			);
			buildRules = (
			);
			dependencies = (
			);
			name = Patient_HMS;
			packageProductDependencies = (
				DFC22CD32BD26BB500B2AD68 /* FirebaseAuth */,
				DFC22CD52BD26BB500B2AD68 /* FirebaseDatabase */,
				DFC22CD72BD26BB500B2AD68 /* FirebaseDatabaseSwift */,
				DFC22CD92BD26BB500B2AD68 /* FirebaseFirestore */,
				DFC22CDB2BD26BB500B2AD68 /* FirebaseFirestoreSwift */,
				DFC22CDF2BD26BB500B2AD68 /* FirebaseStorage */,
			);
			productName = Patient_HMS;
			productReference = DFC22CA12BD26AE200B2AD68 /* Patient_HMS.app */;
			productType = "com.apple.product-type.application";
		};
		DFC22CB12BD26AE400B2AD68 /* Patient_HMSTests */ = {
			isa = PBXNativeTarget;
			buildConfigurationList = DFC22CC92BD26AE400B2AD68 /* Build configuration list for PBXNativeTarget "Patient_HMSTests" */;
			buildPhases = (
				DFC22CAE2BD26AE400B2AD68 /* Sources */,
				DFC22CAF2BD26AE400B2AD68 /* Frameworks */,
				DFC22CB02BD26AE400B2AD68 /* Resources */,
			);
			buildRules = (
			);
			dependencies = (
				DFC22CB42BD26AE400B2AD68 /* PBXTargetDependency */,
			);
			name = Patient_HMSTests;
			productName = Patient_HMSTests;
			productReference = DFC22CB22BD26AE400B2AD68 /* Patient_HMSTests.xctest */;
			productType = "com.apple.product-type.bundle.unit-test";
		};
		DFC22CBB2BD26AE400B2AD68 /* Patient_HMSUITests */ = {
			isa = PBXNativeTarget;
			buildConfigurationList = DFC22CCC2BD26AE400B2AD68 /* Build configuration list for PBXNativeTarget "Patient_HMSUITests" */;
			buildPhases = (
				DFC22CB82BD26AE400B2AD68 /* Sources */,
				DFC22CB92BD26AE400B2AD68 /* Frameworks */,
				DFC22CBA2BD26AE400B2AD68 /* Resources */,
			);
			buildRules = (
			);
			dependencies = (
				DFC22CBE2BD26AE400B2AD68 /* PBXTargetDependency */,
			);
			name = Patient_HMSUITests;
			productName = Patient_HMSUITests;
			productReference = DFC22CBC2BD26AE400B2AD68 /* Patient_HMSUITests.xctest */;
			productType = "com.apple.product-type.bundle.ui-testing";
		};
/* End PBXNativeTarget section */

/* Begin PBXProject section */
		DFC22C992BD26AE200B2AD68 /* Project object */ = {
			isa = PBXProject;
			attributes = {
				BuildIndependentTargetsInParallel = 1;
				LastSwiftUpdateCheck = 1530;
				LastUpgradeCheck = 1530;
				TargetAttributes = {
					DFC22CA02BD26AE200B2AD68 = {
						CreatedOnToolsVersion = 15.3;
					};
					DFC22CB12BD26AE400B2AD68 = {
						CreatedOnToolsVersion = 15.3;
						TestTargetID = DFC22CA02BD26AE200B2AD68;
					};
					DFC22CBB2BD26AE400B2AD68 = {
						CreatedOnToolsVersion = 15.3;
						TestTargetID = DFC22CA02BD26AE200B2AD68;
					};
				};
			};
			buildConfigurationList = DFC22C9C2BD26AE200B2AD68 /* Build configuration list for PBXProject "Patient_HMS" */;
			compatibilityVersion = "Xcode 14.0";
			developmentRegion = en;
			hasScannedForEncodings = 0;
			knownRegions = (
				en,
				Base,
			);
			mainGroup = DFC22C982BD26AE200B2AD68;
			packageReferences = (
				DFC22CD12BD26B7300B2AD68 /* XCRemoteSwiftPackageReference "firebase-ios-sdk" */,
			);
			productRefGroup = DFC22CA22BD26AE200B2AD68 /* Products */;
			projectDirPath = "";
			projectRoot = "";
			targets = (
				DFC22CA02BD26AE200B2AD68 /* Patient_HMS */,
				DFC22CB12BD26AE400B2AD68 /* Patient_HMSTests */,
				DFC22CBB2BD26AE400B2AD68 /* Patient_HMSUITests */,
			);
		};
/* End PBXProject section */

/* Begin PBXResourcesBuildPhase section */
		DFC22C9F2BD26AE200B2AD68 /* Resources */ = {
			isa = PBXResourcesBuildPhase;
			buildActionMask = 2147483647;
			files = (
				DFC22CAD2BD26AE400B2AD68 /* Preview Assets.xcassets in Resources */,
				DFC22CA92BD26AE400B2AD68 /* Assets.xcassets in Resources */,
				DFC22CD02BD26B2700B2AD68 /* GoogleService-Info.plist in Resources */,
			);
			runOnlyForDeploymentPostprocessing = 0;
		};
		DFC22CB02BD26AE400B2AD68 /* Resources */ = {
			isa = PBXResourcesBuildPhase;
			buildActionMask = 2147483647;
			files = (
			);
			runOnlyForDeploymentPostprocessing = 0;
		};
		DFC22CBA2BD26AE400B2AD68 /* Resources */ = {
			isa = PBXResourcesBuildPhase;
			buildActionMask = 2147483647;
			files = (
			);
			runOnlyForDeploymentPostprocessing = 0;
		};
/* End PBXResourcesBuildPhase section */

/* Begin PBXSourcesBuildPhase section */
		DFC22C9D2BD26AE200B2AD68 /* Sources */ = {
			isa = PBXSourcesBuildPhase;
			buildActionMask = 2147483647;
			files = (
				DF6B2EC12BD58F1400FAD930 /* signUpView.swift in Sources */,
				84B3D1A22BD8DB6D00FADB4D /* NotificationHandler.swift in Sources */,
				485FDF602BD8367A008E620D /* ReviewModel.swift in Sources */,
				DF6B2EC52BD5925E00FAD930 /* ProfileInputView.swift in Sources */,
				47394C972BD777FF00ADB1A4 /* ProfilePage.swift in Sources */,
				DFC22CA72BD26AE200B2AD68 /* ContentView.swift in Sources */,
				47394C872BD6C13D00ADB1A4 /* Patient_Model.swift in Sources */,
				47394C912BD6ECC100ADB1A4 /* DocumentPicker.swift in Sources */,
				DF6B2EC72BD5946C00FAD930 /* Homepage.swift in Sources */,
				DF6B2EB92BD58DEA00FAD930 /* appFonts.swift in Sources */,
				47394C9B2BD7A41E00ADB1A4 /* PatientEdit.swift in Sources */,
				2DBAF23D2BDF66FF00F71240 /* HealthDataView.swift in Sources */,
				2DBAF23F2BDF6AA400F71240 /* homepageComplete.swift in Sources */,
				4890D4212BDFA32400EF8750 /* Appointment.swift in Sources */,
				4890D4232BE00C0300EF8750 /* DoctorProfile.swift in Sources */,
				DF6B2EBF2BD58E5100FAD930 /* AuthViewModel.swift in Sources */,
				DF6B2EAC2BD58BA600FAD930 /* UserDetails.swift in Sources */,
				DF6B2EE12BD59FEB00FAD930 /* patientDetails.swift in Sources */,
				DFC22CA52BD26AE200B2AD68 /* Patient_HMSApp.swift in Sources */,
				DF6B2EC32BD58F2900FAD930 /* loginView.swift in Sources */,
				DF6B2EAA2BD5898800FAD930 /* User.swift in Sources */,
				DFF2D7BB2BD632CC0087114A /* DepartmentModel.swift in Sources */,
				47394C992BD7789600ADB1A4 /* HealthRecordAdd.swift in Sources */,
				47394C8D2BD6CEBF00ADB1A4 /* ImagePicker.swift in Sources */,
				DFF2D7B92BD630DF0087114A /* Department.swift in Sources */,
				47394C8B2BD6C69C00ADB1A4 /* PatientViewModel.swift in Sources */,
				84B3D1A02BD7CCAD00FADB4D /* onboardingPage.swift in Sources */,
			);
			runOnlyForDeploymentPostprocessing = 0;
		};
		DFC22CAE2BD26AE400B2AD68 /* Sources */ = {
			isa = PBXSourcesBuildPhase;
			buildActionMask = 2147483647;
			files = (
				DFC22CB72BD26AE400B2AD68 /* Patient_HMSTests.swift in Sources */,
			);
			runOnlyForDeploymentPostprocessing = 0;
		};
		DFC22CB82BD26AE400B2AD68 /* Sources */ = {
			isa = PBXSourcesBuildPhase;
			buildActionMask = 2147483647;
			files = (
				DFC22CC12BD26AE400B2AD68 /* Patient_HMSUITests.swift in Sources */,
				DFC22CC32BD26AE400B2AD68 /* Patient_HMSUITestsLaunchTests.swift in Sources */,
			);
			runOnlyForDeploymentPostprocessing = 0;
		};
/* End PBXSourcesBuildPhase section */

/* Begin PBXTargetDependency section */
		DFC22CB42BD26AE400B2AD68 /* PBXTargetDependency */ = {
			isa = PBXTargetDependency;
			target = DFC22CA02BD26AE200B2AD68 /* Patient_HMS */;
			targetProxy = DFC22CB32BD26AE400B2AD68 /* PBXContainerItemProxy */;
		};
		DFC22CBE2BD26AE400B2AD68 /* PBXTargetDependency */ = {
			isa = PBXTargetDependency;
			target = DFC22CA02BD26AE200B2AD68 /* Patient_HMS */;
			targetProxy = DFC22CBD2BD26AE400B2AD68 /* PBXContainerItemProxy */;
		};
/* End PBXTargetDependency section */

/* Begin XCBuildConfiguration section */
		DFC22CC42BD26AE400B2AD68 /* Debug */ = {
			isa = XCBuildConfiguration;
			buildSettings = {
				ALWAYS_SEARCH_USER_PATHS = NO;
				ASSETCATALOG_COMPILER_GENERATE_SWIFT_ASSET_SYMBOL_EXTENSIONS = YES;
				CLANG_ANALYZER_NONNULL = YES;
				CLANG_ANALYZER_NUMBER_OBJECT_CONVERSION = YES_AGGRESSIVE;
				CLANG_CXX_LANGUAGE_STANDARD = "gnu++20";
				CLANG_ENABLE_MODULES = YES;
				CLANG_ENABLE_OBJC_ARC = YES;
				CLANG_ENABLE_OBJC_WEAK = YES;
				CLANG_WARN_BLOCK_CAPTURE_AUTORELEASING = YES;
				CLANG_WARN_BOOL_CONVERSION = YES;
				CLANG_WARN_COMMA = YES;
				CLANG_WARN_CONSTANT_CONVERSION = YES;
				CLANG_WARN_DEPRECATED_OBJC_IMPLEMENTATIONS = YES;
				CLANG_WARN_DIRECT_OBJC_ISA_USAGE = YES_ERROR;
				CLANG_WARN_DOCUMENTATION_COMMENTS = YES;
				CLANG_WARN_EMPTY_BODY = YES;
				CLANG_WARN_ENUM_CONVERSION = YES;
				CLANG_WARN_INFINITE_RECURSION = YES;
				CLANG_WARN_INT_CONVERSION = YES;
				CLANG_WARN_NON_LITERAL_NULL_CONVERSION = YES;
				CLANG_WARN_OBJC_IMPLICIT_RETAIN_SELF = YES;
				CLANG_WARN_OBJC_LITERAL_CONVERSION = YES;
				CLANG_WARN_OBJC_ROOT_CLASS = YES_ERROR;
				CLANG_WARN_QUOTED_INCLUDE_IN_FRAMEWORK_HEADER = YES;
				CLANG_WARN_RANGE_LOOP_ANALYSIS = YES;
				CLANG_WARN_STRICT_PROTOTYPES = YES;
				CLANG_WARN_SUSPICIOUS_MOVE = YES;
				CLANG_WARN_UNGUARDED_AVAILABILITY = YES_AGGRESSIVE;
				CLANG_WARN_UNREACHABLE_CODE = YES;
				CLANG_WARN__DUPLICATE_METHOD_MATCH = YES;
				COPY_PHASE_STRIP = NO;
				DEBUG_INFORMATION_FORMAT = dwarf;
				ENABLE_STRICT_OBJC_MSGSEND = YES;
				ENABLE_TESTABILITY = YES;
				ENABLE_USER_SCRIPT_SANDBOXING = YES;
				GCC_C_LANGUAGE_STANDARD = gnu17;
				GCC_DYNAMIC_NO_PIC = NO;
				GCC_NO_COMMON_BLOCKS = YES;
				GCC_OPTIMIZATION_LEVEL = 0;
				GCC_PREPROCESSOR_DEFINITIONS = (
					"DEBUG=1",
					"$(inherited)",
				);
				GCC_WARN_64_TO_32_BIT_CONVERSION = YES;
				GCC_WARN_ABOUT_RETURN_TYPE = YES_ERROR;
				GCC_WARN_UNDECLARED_SELECTOR = YES;
				GCC_WARN_UNINITIALIZED_AUTOS = YES_AGGRESSIVE;
				GCC_WARN_UNUSED_FUNCTION = YES;
				GCC_WARN_UNUSED_VARIABLE = YES;
				LOCALIZATION_PREFERS_STRING_CATALOGS = YES;
				MTL_ENABLE_DEBUG_INFO = INCLUDE_SOURCE;
				MTL_FAST_MATH = YES;
				ONLY_ACTIVE_ARCH = YES;
				SWIFT_ACTIVE_COMPILATION_CONDITIONS = "DEBUG $(inherited)";
				SWIFT_OPTIMIZATION_LEVEL = "-Onone";
			};
			name = Debug;
		};
		DFC22CC52BD26AE400B2AD68 /* Release */ = {
			isa = XCBuildConfiguration;
			buildSettings = {
				ALWAYS_SEARCH_USER_PATHS = NO;
				ASSETCATALOG_COMPILER_GENERATE_SWIFT_ASSET_SYMBOL_EXTENSIONS = YES;
				CLANG_ANALYZER_NONNULL = YES;
				CLANG_ANALYZER_NUMBER_OBJECT_CONVERSION = YES_AGGRESSIVE;
				CLANG_CXX_LANGUAGE_STANDARD = "gnu++20";
				CLANG_ENABLE_MODULES = YES;
				CLANG_ENABLE_OBJC_ARC = YES;
				CLANG_ENABLE_OBJC_WEAK = YES;
				CLANG_WARN_BLOCK_CAPTURE_AUTORELEASING = YES;
				CLANG_WARN_BOOL_CONVERSION = YES;
				CLANG_WARN_COMMA = YES;
				CLANG_WARN_CONSTANT_CONVERSION = YES;
				CLANG_WARN_DEPRECATED_OBJC_IMPLEMENTATIONS = YES;
				CLANG_WARN_DIRECT_OBJC_ISA_USAGE = YES_ERROR;
				CLANG_WARN_DOCUMENTATION_COMMENTS = YES;
				CLANG_WARN_EMPTY_BODY = YES;
				CLANG_WARN_ENUM_CONVERSION = YES;
				CLANG_WARN_INFINITE_RECURSION = YES;
				CLANG_WARN_INT_CONVERSION = YES;
				CLANG_WARN_NON_LITERAL_NULL_CONVERSION = YES;
				CLANG_WARN_OBJC_IMPLICIT_RETAIN_SELF = YES;
				CLANG_WARN_OBJC_LITERAL_CONVERSION = YES;
				CLANG_WARN_OBJC_ROOT_CLASS = YES_ERROR;
				CLANG_WARN_QUOTED_INCLUDE_IN_FRAMEWORK_HEADER = YES;
				CLANG_WARN_RANGE_LOOP_ANALYSIS = YES;
				CLANG_WARN_STRICT_PROTOTYPES = YES;
				CLANG_WARN_SUSPICIOUS_MOVE = YES;
				CLANG_WARN_UNGUARDED_AVAILABILITY = YES_AGGRESSIVE;
				CLANG_WARN_UNREACHABLE_CODE = YES;
				CLANG_WARN__DUPLICATE_METHOD_MATCH = YES;
				COPY_PHASE_STRIP = NO;
				DEBUG_INFORMATION_FORMAT = "dwarf-with-dsym";
				ENABLE_NS_ASSERTIONS = NO;
				ENABLE_STRICT_OBJC_MSGSEND = YES;
				ENABLE_USER_SCRIPT_SANDBOXING = YES;
				GCC_C_LANGUAGE_STANDARD = gnu17;
				GCC_NO_COMMON_BLOCKS = YES;
				GCC_WARN_64_TO_32_BIT_CONVERSION = YES;
				GCC_WARN_ABOUT_RETURN_TYPE = YES_ERROR;
				GCC_WARN_UNDECLARED_SELECTOR = YES;
				GCC_WARN_UNINITIALIZED_AUTOS = YES_AGGRESSIVE;
				GCC_WARN_UNUSED_FUNCTION = YES;
				GCC_WARN_UNUSED_VARIABLE = YES;
				LOCALIZATION_PREFERS_STRING_CATALOGS = YES;
				MTL_ENABLE_DEBUG_INFO = NO;
				MTL_FAST_MATH = YES;
				SWIFT_COMPILATION_MODE = wholemodule;
			};
			name = Release;
		};
		DFC22CC72BD26AE400B2AD68 /* Debug */ = {
			isa = XCBuildConfiguration;
			buildSettings = {
				ASSETCATALOG_COMPILER_APPICON_NAME = AppIcon;
				ASSETCATALOG_COMPILER_GLOBAL_ACCENT_COLOR_NAME = AccentColor;
				CODE_SIGN_ENTITLEMENTS = Patient_HMS/Patient_HMS.entitlements;
				CODE_SIGN_STYLE = Automatic;
				CURRENT_PROJECT_VERSION = 1;
				DEVELOPMENT_ASSET_PATHS = "\"Patient_HMS/Preview Content\"";
				DEVELOPMENT_TEAM = "";
				ENABLE_PREVIEWS = YES;
				GENERATE_INFOPLIST_FILE = YES;
				INFOPLIST_KEY_NSHealthShareUsageDescription = "You need to give permission to share you health kit data";
				"INFOPLIST_KEY_UIApplicationSceneManifest_Generation[sdk=iphoneos*]" = YES;
				"INFOPLIST_KEY_UIApplicationSceneManifest_Generation[sdk=iphonesimulator*]" = YES;
				"INFOPLIST_KEY_UIApplicationSupportsIndirectInputEvents[sdk=iphoneos*]" = YES;
				"INFOPLIST_KEY_UIApplicationSupportsIndirectInputEvents[sdk=iphonesimulator*]" = YES;
				"INFOPLIST_KEY_UILaunchScreen_Generation[sdk=iphoneos*]" = YES;
				"INFOPLIST_KEY_UILaunchScreen_Generation[sdk=iphonesimulator*]" = YES;
				"INFOPLIST_KEY_UIStatusBarStyle[sdk=iphoneos*]" = UIStatusBarStyleDefault;
				"INFOPLIST_KEY_UIStatusBarStyle[sdk=iphonesimulator*]" = UIStatusBarStyleDefault;
				INFOPLIST_KEY_UISupportedInterfaceOrientations_iPad = "UIInterfaceOrientationPortrait UIInterfaceOrientationPortraitUpsideDown UIInterfaceOrientationLandscapeLeft UIInterfaceOrientationLandscapeRight";
				INFOPLIST_KEY_UISupportedInterfaceOrientations_iPhone = "UIInterfaceOrientationPortrait UIInterfaceOrientationLandscapeLeft UIInterfaceOrientationLandscapeRight";
				IPHONEOS_DEPLOYMENT_TARGET = 17.4;
				LD_RUNPATH_SEARCH_PATHS = "@executable_path/Frameworks";
				"LD_RUNPATH_SEARCH_PATHS[sdk=macosx*]" = "@executable_path/../Frameworks";
				MACOSX_DEPLOYMENT_TARGET = 14.4;
				MARKETING_VERSION = 1.0;
				PRODUCT_BUNDLE_IDENTIFIER = "an6189-srmist.edu.in.Patient-HMS";
				PRODUCT_NAME = "$(TARGET_NAME)";
				SDKROOT = auto;
				SUPPORTED_PLATFORMS = "iphoneos iphonesimulator macosx";
				SWIFT_EMIT_LOC_STRINGS = YES;
				SWIFT_VERSION = 5.0;
				TARGETED_DEVICE_FAMILY = "1,2";
			};
			name = Debug;
		};
		DFC22CC82BD26AE400B2AD68 /* Release */ = {
			isa = XCBuildConfiguration;
			buildSettings = {
				ASSETCATALOG_COMPILER_APPICON_NAME = AppIcon;
				ASSETCATALOG_COMPILER_GLOBAL_ACCENT_COLOR_NAME = AccentColor;
				CODE_SIGN_ENTITLEMENTS = Patient_HMS/Patient_HMS.entitlements;
				CODE_SIGN_STYLE = Automatic;
				CURRENT_PROJECT_VERSION = 1;
				DEVELOPMENT_ASSET_PATHS = "\"Patient_HMS/Preview Content\"";
				DEVELOPMENT_TEAM = "";
				ENABLE_PREVIEWS = YES;
				GENERATE_INFOPLIST_FILE = YES;
				INFOPLIST_KEY_NSHealthShareUsageDescription = "You need to give permission to share you health kit data";
				"INFOPLIST_KEY_UIApplicationSceneManifest_Generation[sdk=iphoneos*]" = YES;
				"INFOPLIST_KEY_UIApplicationSceneManifest_Generation[sdk=iphonesimulator*]" = YES;
				"INFOPLIST_KEY_UIApplicationSupportsIndirectInputEvents[sdk=iphoneos*]" = YES;
				"INFOPLIST_KEY_UIApplicationSupportsIndirectInputEvents[sdk=iphonesimulator*]" = YES;
				"INFOPLIST_KEY_UILaunchScreen_Generation[sdk=iphoneos*]" = YES;
				"INFOPLIST_KEY_UILaunchScreen_Generation[sdk=iphonesimulator*]" = YES;
				"INFOPLIST_KEY_UIStatusBarStyle[sdk=iphoneos*]" = UIStatusBarStyleDefault;
				"INFOPLIST_KEY_UIStatusBarStyle[sdk=iphonesimulator*]" = UIStatusBarStyleDefault;
				INFOPLIST_KEY_UISupportedInterfaceOrientations_iPad = "UIInterfaceOrientationPortrait UIInterfaceOrientationPortraitUpsideDown UIInterfaceOrientationLandscapeLeft UIInterfaceOrientationLandscapeRight";
				INFOPLIST_KEY_UISupportedInterfaceOrientations_iPhone = "UIInterfaceOrientationPortrait UIInterfaceOrientationLandscapeLeft UIInterfaceOrientationLandscapeRight";
				IPHONEOS_DEPLOYMENT_TARGET = 17.4;
				LD_RUNPATH_SEARCH_PATHS = "@executable_path/Frameworks";
				"LD_RUNPATH_SEARCH_PATHS[sdk=macosx*]" = "@executable_path/../Frameworks";
				MACOSX_DEPLOYMENT_TARGET = 14.4;
				MARKETING_VERSION = 1.0;
				PRODUCT_BUNDLE_IDENTIFIER = "an6189-srmist.edu.in.Patient-HMS";
				PRODUCT_NAME = "$(TARGET_NAME)";
				SDKROOT = auto;
				SUPPORTED_PLATFORMS = "iphoneos iphonesimulator macosx";
				SWIFT_EMIT_LOC_STRINGS = YES;
				SWIFT_VERSION = 5.0;
				TARGETED_DEVICE_FAMILY = "1,2";
			};
			name = Release;
		};
		DFC22CCA2BD26AE400B2AD68 /* Debug */ = {
			isa = XCBuildConfiguration;
			buildSettings = {
				ALWAYS_EMBED_SWIFT_STANDARD_LIBRARIES = YES;
				BUNDLE_LOADER = "$(TEST_HOST)";
				CODE_SIGN_STYLE = Automatic;
				CURRENT_PROJECT_VERSION = 1;
				GENERATE_INFOPLIST_FILE = YES;
				IPHONEOS_DEPLOYMENT_TARGET = 17.4;
				MACOSX_DEPLOYMENT_TARGET = 14.4;
				MARKETING_VERSION = 1.0;
				PRODUCT_BUNDLE_IDENTIFIER = "an6189-srmist.edu.in.Patient-HMSTests";
				PRODUCT_NAME = "$(TARGET_NAME)";
				SDKROOT = auto;
				SUPPORTED_PLATFORMS = "iphoneos iphonesimulator macosx";
				SWIFT_EMIT_LOC_STRINGS = NO;
				SWIFT_VERSION = 5.0;
				TARGETED_DEVICE_FAMILY = "1,2";
				TEST_HOST = "$(BUILT_PRODUCTS_DIR)/Patient_HMS.app/$(BUNDLE_EXECUTABLE_FOLDER_PATH)/Patient_HMS";
			};
			name = Debug;
		};
		DFC22CCB2BD26AE400B2AD68 /* Release */ = {
			isa = XCBuildConfiguration;
			buildSettings = {
				ALWAYS_EMBED_SWIFT_STANDARD_LIBRARIES = YES;
				BUNDLE_LOADER = "$(TEST_HOST)";
				CODE_SIGN_STYLE = Automatic;
				CURRENT_PROJECT_VERSION = 1;
				GENERATE_INFOPLIST_FILE = YES;
				IPHONEOS_DEPLOYMENT_TARGET = 17.4;
				MACOSX_DEPLOYMENT_TARGET = 14.4;
				MARKETING_VERSION = 1.0;
				PRODUCT_BUNDLE_IDENTIFIER = "an6189-srmist.edu.in.Patient-HMSTests";
				PRODUCT_NAME = "$(TARGET_NAME)";
				SDKROOT = auto;
				SUPPORTED_PLATFORMS = "iphoneos iphonesimulator macosx";
				SWIFT_EMIT_LOC_STRINGS = NO;
				SWIFT_VERSION = 5.0;
				TARGETED_DEVICE_FAMILY = "1,2";
				TEST_HOST = "$(BUILT_PRODUCTS_DIR)/Patient_HMS.app/$(BUNDLE_EXECUTABLE_FOLDER_PATH)/Patient_HMS";
			};
			name = Release;
		};
		DFC22CCD2BD26AE400B2AD68 /* Debug */ = {
			isa = XCBuildConfiguration;
			buildSettings = {
				ALWAYS_EMBED_SWIFT_STANDARD_LIBRARIES = YES;
				CODE_SIGN_STYLE = Automatic;
				CURRENT_PROJECT_VERSION = 1;
				GENERATE_INFOPLIST_FILE = YES;
				IPHONEOS_DEPLOYMENT_TARGET = 17.4;
				MACOSX_DEPLOYMENT_TARGET = 14.4;
				MARKETING_VERSION = 1.0;
				PRODUCT_BUNDLE_IDENTIFIER = "an6189-srmist.edu.in.Patient-HMSUITests";
				PRODUCT_NAME = "$(TARGET_NAME)";
				SDKROOT = auto;
				SUPPORTED_PLATFORMS = "iphoneos iphonesimulator macosx";
				SWIFT_EMIT_LOC_STRINGS = NO;
				SWIFT_VERSION = 5.0;
				TARGETED_DEVICE_FAMILY = "1,2";
				TEST_TARGET_NAME = Patient_HMS;
			};
			name = Debug;
		};
		DFC22CCE2BD26AE400B2AD68 /* Release */ = {
			isa = XCBuildConfiguration;
			buildSettings = {
				ALWAYS_EMBED_SWIFT_STANDARD_LIBRARIES = YES;
				CODE_SIGN_STYLE = Automatic;
				CURRENT_PROJECT_VERSION = 1;
				GENERATE_INFOPLIST_FILE = YES;
				IPHONEOS_DEPLOYMENT_TARGET = 17.4;
				MACOSX_DEPLOYMENT_TARGET = 14.4;
				MARKETING_VERSION = 1.0;
				PRODUCT_BUNDLE_IDENTIFIER = "an6189-srmist.edu.in.Patient-HMSUITests";
				PRODUCT_NAME = "$(TARGET_NAME)";
				SDKROOT = auto;
				SUPPORTED_PLATFORMS = "iphoneos iphonesimulator macosx";
				SWIFT_EMIT_LOC_STRINGS = NO;
				SWIFT_VERSION = 5.0;
				TARGETED_DEVICE_FAMILY = "1,2";
				TEST_TARGET_NAME = Patient_HMS;
			};
			name = Release;
		};
/* End XCBuildConfiguration section */

/* Begin XCConfigurationList section */
		DFC22C9C2BD26AE200B2AD68 /* Build configuration list for PBXProject "Patient_HMS" */ = {
			isa = XCConfigurationList;
			buildConfigurations = (
				DFC22CC42BD26AE400B2AD68 /* Debug */,
				DFC22CC52BD26AE400B2AD68 /* Release */,
			);
			defaultConfigurationIsVisible = 0;
			defaultConfigurationName = Release;
		};
		DFC22CC62BD26AE400B2AD68 /* Build configuration list for PBXNativeTarget "Patient_HMS" */ = {
			isa = XCConfigurationList;
			buildConfigurations = (
				DFC22CC72BD26AE400B2AD68 /* Debug */,
				DFC22CC82BD26AE400B2AD68 /* Release */,
			);
			defaultConfigurationIsVisible = 0;
			defaultConfigurationName = Release;
		};
		DFC22CC92BD26AE400B2AD68 /* Build configuration list for PBXNativeTarget "Patient_HMSTests" */ = {
			isa = XCConfigurationList;
			buildConfigurations = (
				DFC22CCA2BD26AE400B2AD68 /* Debug */,
				DFC22CCB2BD26AE400B2AD68 /* Release */,
			);
			defaultConfigurationIsVisible = 0;
			defaultConfigurationName = Release;
		};
		DFC22CCC2BD26AE400B2AD68 /* Build configuration list for PBXNativeTarget "Patient_HMSUITests" */ = {
			isa = XCConfigurationList;
			buildConfigurations = (
				DFC22CCD2BD26AE400B2AD68 /* Debug */,
				DFC22CCE2BD26AE400B2AD68 /* Release */,
			);
			defaultConfigurationIsVisible = 0;
			defaultConfigurationName = Release;
		};
/* End XCConfigurationList section */

/* Begin XCRemoteSwiftPackageReference section */
		DFC22CD12BD26B7300B2AD68 /* XCRemoteSwiftPackageReference "firebase-ios-sdk" */ = {
			isa = XCRemoteSwiftPackageReference;
			repositoryURL = "https://github.com/firebase/firebase-ios-sdk";
			requirement = {
				kind = upToNextMajorVersion;
				minimumVersion = 10.24.0;
			};
		};
/* End XCRemoteSwiftPackageReference section */

/* Begin XCSwiftPackageProductDependency section */
		DFC22CD32BD26BB500B2AD68 /* FirebaseAuth */ = {
			isa = XCSwiftPackageProductDependency;
			package = DFC22CD12BD26B7300B2AD68 /* XCRemoteSwiftPackageReference "firebase-ios-sdk" */;
			productName = FirebaseAuth;
		};
		DFC22CD52BD26BB500B2AD68 /* FirebaseDatabase */ = {
			isa = XCSwiftPackageProductDependency;
			package = DFC22CD12BD26B7300B2AD68 /* XCRemoteSwiftPackageReference "firebase-ios-sdk" */;
			productName = FirebaseDatabase;
		};
		DFC22CD72BD26BB500B2AD68 /* FirebaseDatabaseSwift */ = {
			isa = XCSwiftPackageProductDependency;
			package = DFC22CD12BD26B7300B2AD68 /* XCRemoteSwiftPackageReference "firebase-ios-sdk" */;
			productName = FirebaseDatabaseSwift;
		};
		DFC22CD92BD26BB500B2AD68 /* FirebaseFirestore */ = {
			isa = XCSwiftPackageProductDependency;
			package = DFC22CD12BD26B7300B2AD68 /* XCRemoteSwiftPackageReference "firebase-ios-sdk" */;
			productName = FirebaseFirestore;
		};
		DFC22CDB2BD26BB500B2AD68 /* FirebaseFirestoreSwift */ = {
			isa = XCSwiftPackageProductDependency;
			package = DFC22CD12BD26B7300B2AD68 /* XCRemoteSwiftPackageReference "firebase-ios-sdk" */;
			productName = FirebaseFirestoreSwift;
		};
		DFC22CDF2BD26BB500B2AD68 /* FirebaseStorage */ = {
			isa = XCSwiftPackageProductDependency;
			package = DFC22CD12BD26B7300B2AD68 /* XCRemoteSwiftPackageReference "firebase-ios-sdk" */;
			productName = FirebaseStorage;
		};
/* End XCSwiftPackageProductDependency section */
	};
	rootObject = DFC22C992BD26AE200B2AD68 /* Project object */;
}
